
Microsoft Visual Studio Solution File, Format Version 12.00
# Visual Studio 15
VisualStudioVersion = 15.0.26430.6
MinimumVisualStudioVersion = 10.0.40219.1
Project("{FAE04EC0-301F-11D3-BF4B-00C04F79EFBC}") = "ProjectManagement2", "ProjectManagement2\ProjectManagement2.csproj", "{3122547B-655D-4D79-8B25-A7DF1C689DFA}"
EndProject
Project("{FAE04EC0-301F-11D3-BF4B-00C04F79EFBC}") = "ProjectManagement2.Tests", "ProjectManagement2.Tests\ProjectManagement2.Tests.csproj", "{4D64773A-FF35-43ED-A147-B8BA84956BA1}"
EndProject
Global
	GlobalSection(SolutionConfigurationPlatforms) = preSolution
		Debug|Any CPU = Debug|Any CPU
		Release|Any CPU = Release|Any CPU
	EndGlobalSection
	GlobalSection(ProjectConfigurationPlatforms) = postSolution
		{3122547B-655D-4D79-8B25-A7DF1C689DFA}.Debug|Any CPU.ActiveCfg = Debug|Any CPU
		{3122547B-655D-4D79-8B25-A7DF1C689DFA}.Debug|Any CPU.Build.0 = Debug|Any CPU
		{3122547B-655D-4D79-8B25-A7DF1C689DFA}.Release|Any CPU.ActiveCfg = Release|Any CPU
		{3122547B-655D-4D79-8B25-A7DF1C689DFA}.Release|Any CPU.Build.0 = Release|Any CPU
		{4D64773A-FF35-43ED-A147-B8BA84956BA1}.Debug|Any CPU.ActiveCfg = Debug|Any CPU
		{4D64773A-FF35-43ED-A147-B8BA84956BA1}.Debug|Any CPU.Build.0 = Debug|Any CPU
		{4D64773A-FF35-43ED-A147-B8BA84956BA1}.Release|Any CPU.ActiveCfg = Release|Any CPU
		{4D64773A-FF35-43ED-A147-B8BA84956BA1}.Release|Any CPU.Build.0 = Release|Any CPU
	EndGlobalSection
	GlobalSection(SolutionProperties) = preSolution
		HideSolutionNode = FALSE
	EndGlobalSection
EndGlobal
